
Microsoft Visual Studio Solution File, Format Version 12.00
Project("{FAE04EC0-301F-11D3-BF4B-00C04F79EFBC}") = "API.Core", "src\API.Core\API.Core.csproj", "{F8B89D7C-339C-49BF-A3A2-49BA53975F5F}"
EndProject
Global
	GlobalSection(SolutionConfigurationPlatforms) = preSolution
		Debug|Any CPU = Debug|Any CPU
		Release|Any CPU = Release|Any CPU
	EndGlobalSection
	GlobalSection(ProjectConfigurationPlatforms) = postSolution
		{F8B89D7C-339C-49BF-A3A2-49BA53975F5F}.Debug|Any CPU.ActiveCfg = Debug|Any CPU
		{F8B89D7C-339C-49BF-A3A2-49BA53975F5F}.Debug|Any CPU.Build.0 = Debug|Any CPU
		{F8B89D7C-339C-49BF-A3A2-49BA53975F5F}.Release|Any CPU.ActiveCfg = Release|Any CPU
		{F8B89D7C-339C-49BF-A3A2-49BA53975F5F}.Release|Any CPU.Build.0 = Release|Any CPU
	EndGlobalSection
EndGlobal
